
Microsoft Visual Studio Solution File, Format Version 12.00
Project("{FAE04EC0-301F-11D3-BF4B-00C04F79EFBC}") = "PreparationUnitTesting", "PreparationUnitTesting\PreparationUnitTesting.csproj", "{8706038F-9598-413F-B9A8-32FB52BA00E5}"
EndProject
Project("{FAE04EC0-301F-11D3-BF4B-00C04F79EFBC}") = "QuadraticEquationSolver", "QuadraticEquationSolver\QuadraticEquationSolver.csproj", "{E359353B-7670-4D80-AB84-6D4DAA9BD3BB}"
EndProject
Project("{FAE04EC0-301F-11D3-BF4B-00C04F79EFBC}") = "QuadraticEquationSolver.Tests", "QuadraticEquationSolver.Tests\QuadraticEquationSolver.Tests.csproj", "{7A499C45-FEBB-4878-A429-79FFD2B70AE9}"
EndProject
Global
	GlobalSection(SolutionConfigurationPlatforms) = preSolution
		Debug|Any CPU = Debug|Any CPU
		Release|Any CPU = Release|Any CPU
	EndGlobalSection
	GlobalSection(ProjectConfigurationPlatforms) = postSolution
		{8706038F-9598-413F-B9A8-32FB52BA00E5}.Debug|Any CPU.ActiveCfg = Debug|Any CPU
		{8706038F-9598-413F-B9A8-32FB52BA00E5}.Debug|Any CPU.Build.0 = Debug|Any CPU
		{8706038F-9598-413F-B9A8-32FB52BA00E5}.Release|Any CPU.ActiveCfg = Release|Any CPU
		{8706038F-9598-413F-B9A8-32FB52BA00E5}.Release|Any CPU.Build.0 = Release|Any CPU
		{E359353B-7670-4D80-AB84-6D4DAA9BD3BB}.Debug|Any CPU.ActiveCfg = Debug|Any CPU
		{E359353B-7670-4D80-AB84-6D4DAA9BD3BB}.Debug|Any CPU.Build.0 = Debug|Any CPU
		{E359353B-7670-4D80-AB84-6D4DAA9BD3BB}.Release|Any CPU.ActiveCfg = Release|Any CPU
		{E359353B-7670-4D80-AB84-6D4DAA9BD3BB}.Release|Any CPU.Build.0 = Release|Any CPU
		{7A499C45-FEBB-4878-A429-79FFD2B70AE9}.Debug|Any CPU.ActiveCfg = Debug|Any CPU
		{7A499C45-FEBB-4878-A429-79FFD2B70AE9}.Debug|Any CPU.Build.0 = Debug|Any CPU
		{7A499C45-FEBB-4878-A429-79FFD2B70AE9}.Release|Any CPU.ActiveCfg = Release|Any CPU
		{7A499C45-FEBB-4878-A429-79FFD2B70AE9}.Release|Any CPU.Build.0 = Release|Any CPU
	EndGlobalSection
EndGlobal
